
Microsoft Visual Studio Solution File, Format Version 12.00
# Visual Studio Version 17
VisualStudioVersion = 17.8.34330.188
MinimumVisualStudioVersion = 10.0.40219.1
Project("{9A19103F-16F7-4668-BE54-9A1E7A4F7556}") = "shop", "shop\shop.csproj", "{B79EB513-6397-4D2C-97D3-E430DEE00619}"
EndProject
Global
	GlobalSection(SolutionConfigurationPlatforms) = preSolution
		Debug|Any CPU = Debug|Any CPU
		Release|Any CPU = Release|Any CPU
	EndGlobalSection
	GlobalSection(ProjectConfigurationPlatforms) = postSolution
		{B79EB513-6397-4D2C-97D3-E430DEE00619}.Debug|Any CPU.ActiveCfg = Debug|Any CPU
		{B79EB513-6397-4D2C-97D3-E430DEE00619}.Debug|Any CPU.Build.0 = Debug|Any CPU
		{B79EB513-6397-4D2C-97D3-E430DEE00619}.Release|Any CPU.ActiveCfg = Release|Any CPU
		{B79EB513-6397-4D2C-97D3-E430DEE00619}.Release|Any CPU.Build.0 = Release|Any CPU
	EndGlobalSection
	GlobalSection(SolutionProperties) = preSolution
		HideSolutionNode = FALSE
	EndGlobalSection
	GlobalSection(ExtensibilityGlobals) = postSolution
		SolutionGuid = {00A105DD-84D4-42E8-8EEE-A5A8E5B8704B}
	EndGlobalSection
EndGlobal
